
Microsoft Visual Studio Solution File, Format Version 12.00
# Visual Studio Version 17
VisualStudioVersion = 17.7.34031.279
MinimumVisualStudioVersion = 10.0.40219.1
Project("{FAE04EC0-301F-11D3-BF4B-00C04F79EFBC}") = "Eindwerk_Milan_LED_strip", "Eindwerk_Milan_LED_strip\Eindwerk_Milan_LED_strip.csproj", "{2B5A2E46-647E-445A-89FC-E28D1711747D}"
EndProject
Global
	GlobalSection(SolutionConfigurationPlatforms) = preSolution
		Debug|Any CPU = Debug|Any CPU
		Release|Any CPU = Release|Any CPU
	EndGlobalSection
	GlobalSection(ProjectConfigurationPlatforms) = postSolution
		{2B5A2E46-647E-445A-89FC-E28D1711747D}.Debug|Any CPU.ActiveCfg = Debug|Any CPU
		{2B5A2E46-647E-445A-89FC-E28D1711747D}.Debug|Any CPU.Build.0 = Debug|Any CPU
		{2B5A2E46-647E-445A-89FC-E28D1711747D}.Release|Any CPU.ActiveCfg = Release|Any CPU
		{2B5A2E46-647E-445A-89FC-E28D1711747D}.Release|Any CPU.Build.0 = Release|Any CPU
	EndGlobalSection
	GlobalSection(SolutionProperties) = preSolution
		HideSolutionNode = FALSE
	EndGlobalSection
	GlobalSection(ExtensibilityGlobals) = postSolution
		SolutionGuid = {1F938863-FABC-4318-8CD5-8383C6F4E843}
	EndGlobalSection
EndGlobal
